{
    "_meta": {
        "hash": {
            "sha256": "9b543a732591b454e42156c5e71d68603e9db050e73f74a726d59b3355397f90"
        },
        "pipfile-spec": 6,
        "requires": {
            "python_full_version": "3.14.3",
            "python_version": "3.14"
        },
        "sources": [
            {
                "name": "pypi",
                "url": "https://pypi.org/simple",
                "verify_ssl": true
            }
        ]
    },
    "default": {
        "pyside6": {
            "hashes": [
                "sha256:032bad6b18a17fcbf4dddd0397f49b07f8aae7f1a45b7e4de7037bf7fd6e0edf",
                "sha256:0439f5e9b10ebe6177981bac9e219096ec970ac6ec215bef055279802ba50601",
                "sha256:1b89ce8558d4b4f35b85bff1db90d680912e4d3ce9e79ff804d6fef1d1a151ef",
                "sha256:4b084293caa7845d0064aaf6af258e0f7caae03a14a33537d0a552131afddaf0",
                "sha256:65a59ad0bc92525639e3268d590948ce07a80ee97b55e7a9200db41d493cac31"
            ],
            "index": "pypi",
            "markers": "python_version < '3.15' and python_version >= '3.9'",
            "version": "==6.10.2"
        },
        "pyside6-addons": {
            "hashes": [
                "sha256:030a851163b51dbf0063be59e9ddb6a9e760bde89a28e461ccc81a224d286eaf",
                "sha256:0de7d0c9535e17d5e3b634b61314a1867f3b0f6d35c3d7cdc99efc353192faff",
                "sha256:3d18db739b46946ba7b722d8ad4cc2097135033aa6ea57076e64d591e6a345f3",
                "sha256:c20150068525a17494f3b6576c5d61c417cf9a5870659e29f5ebd83cd20a78ea",
                "sha256:fcee0373e3fd7b98f014094e5e37b4a39e4de7c5a47c13f654a7d557d4a426ad"
            ],
            "markers": "python_version < '3.15' and python_version >= '3.9'",
            "version": "==6.10.2"
        },
        "pyside6-essentials": {
            "hashes": [
                "sha256:0741018c2b6395038cad4c41775cfae3f13a409e87995ac9f7d89e5b1fb6b22a",
                "sha256:1dee2cb9803ff135f881dadeb5c0edcef793d1ec4f8a9140a1348cecb71074e1",
                "sha256:660aea45bfa36f1e06f799b934c2a7df963bd31abc5083e8bb8a5bfaef45686b",
                "sha256:c2b028e4c6f8047a02c31f373408e23b4eedfd405f56c6aba8d0525c29472835",
                "sha256:db5f4913648bb6afddb8b347edae151ee2378f12bceb03c8b2515a530a4b38d9"
            ],
            "markers": "python_version < '3.15' and python_version >= '3.9'",
            "version": "==6.10.2"
        },
        "shiboken6": {
            "hashes": [
                "sha256:10f3c8c5e1b8bee779346f21c10dbc14cff068f0b0b4e62420c82a6bf36ac2e7",
                "sha256:20c671645d70835af212ee05df60361d734c5305edb2746e9875c6a31283f963",
                "sha256:3bd4e94e9a3c8c1fa8362fd752d399ef39265d5264e4e37bae61cdaa2a00c8c7",
                "sha256:ace0790032d9cb0adda644b94ee28d59410180d9773643bb6cf8438c361987ad",
                "sha256:f74d3ed1f92658077d0630c39e694eb043aeb1d830a5d275176c45d07147427f"
            ],
            "markers": "python_version < '3.15' and python_version >= '3.9'",
            "version": "==6.10.2"
        }
    },
    "develop": {
        "altgraph": {
            "hashes": [
                "sha256:c87b395dd12fabde9c99573a9749d67da8d29ef9de0125c7f536699b4a9bc9e7",
                "sha256:f3a22400bce1b0c701683820ac4f3b159cd301acab067c51c653e06961600597"
            ],
            "version": "==0.17.5"
        },
        "packaging": {
            "hashes": [
                "sha256:00243ae351a257117b6a241061796684b084ed1c516a08c48a3f7e147a9d80b4",
                "sha256:b36f1fef9334a5588b4166f8bcd26a14e521f2b55e6b9de3aaa80d3ff7a37529"
            ],
            "markers": "python_version >= '3.8'",
            "version": "==26.0"
        },
        "pefile": {
            "hashes": [
                "sha256:3ff6c5d8b43e8c37bb6e6dd5085658d658a7a0bdcd20b6a07b1fcfc1c4e9d632",
                "sha256:76f8b485dcd3b1bb8166f1128d395fa3d87af26360c2358fb75b80019b957c6f"
            ],
            "markers": "python_full_version >= '3.6.0'",
            "version": "==2024.8.26"
        },
        "pyinstaller": {
            "hashes": [
                "sha256:07785459b3bf8a48889eac0b4d0667ade84aef8930ce030bc7cbb32f41283b33",
                "sha256:31b5d109f8405be0b7cddcede43e7b074792bc9a5bbd54ec000a3e779183c2af",
                "sha256:3638fc81eb948e5e5eab1d4ad8f216e3fec6d4a350648304f0adb227b746ee5e",
                "sha256:4328c9837f1aef4fe1a127d4ff1b09a12ce53c827ce87c94117628b0e1fd098b",
                "sha256:496205e4fa92ec944f9696eb597962a83aef4d4c3479abfab83d730e1edf016b",
                "sha256:779817a0cf69604cddcdb5be1fd4959dc2ce048d6355c73e5da97884df2f3387",
                "sha256:8fbe59da34269e637f97fd3c43024f764586fc319141d245ff1a2e9af1036aa3",
                "sha256:976fabd90ecfbda47571c87055ad73413ec615ff7dea35e12a4304174de78de9",
                "sha256:cb7aa5a71bfa7c0af17a4a4e21855663c89e4bd7c40f1d337c8370636d8847c3",
                "sha256:cdc507542783511cad4856fce582fdc37e9f29665ca596889c663c83ec8c6ec9",
                "sha256:dba4b70e3c9ba09aab51152c72a08e58a751851548f77ad35944d32a300c8381",
                "sha256:f998675b7ccb2dabbb1dc2d6f18af61d55428ad6d38e6c4d700417411b697d37"
            ],
            "index": "pypi",
            "markers": "python_version < '3.15' and python_version >= '3.8'",
            "version": "==6.18.0"
        },
        "pyinstaller-hooks-contrib": {
            "hashes": [
                "sha256:0120893de491a000845470ca9c0b39284731ac6bace26f6849dea9627aaed48e",
                "sha256:0590db8edeba3e6c30c8474937021f5cd39c0602b4d10f74a064c73911efaca5"
            ],
            "markers": "python_version >= '3.8'",
            "version": "==2026.0"
        },
        "pywin32-ctypes": {
            "hashes": [
                "sha256:8a1513379d709975552d202d942d9837758905c8d01eb82b8bcc30918929e7b8",
                "sha256:d162dc04946d704503b2edc4d55f3dba5c1d539ead017afa00142c38b9885755"
            ],
            "markers": "python_version >= '3.6'",
            "version": "==0.2.3"
        },
        "setuptools": {
            "hashes": [
                "sha256:22e0a2d69474c6ae4feb01951cb69d515ed23728cf96d05513d36e42b62b37cb",
                "sha256:70b18734b607bd1da571d097d236cfcfacaf01de45717d59e6e04b96877532e0"
            ],
            "markers": "python_version >= '3.9'",
            "version": "==82.0.0"
        }
    }
}
